
Microsoft Visual Studio Solution File, Format Version 12.00
# Visual Studio Version 17
VisualStudioVersion = 17.0.31903.59
MinimumVisualStudioVersion = 10.0.40219.1
Project("{2150E333-8FDC-42A3-9474-1A3956D46DE8}") = "PS1", "PS1", "{3F4275B6-6D2B-5E0B-882B-917D1305B979}"
EndProject
Project("{2150E333-8FDC-42A3-9474-1A3956D46DE8}") = "Zadanie I-V", "Zadanie I-V", "{E5E1ACC4-3F2D-EAD7-0DB8-1953CA2F38C5}"
EndProject
Project("{FAE04EC0-301F-11D3-BF4B-00C04F79EFBC}") = "Zadanie1_I_V", "PS1\Zadanie I-V\Zadanie1_I_V\Zadanie1_I_V.csproj", "{0BF44BD3-19B4-444A-A3D1-FB42879A9348}"
EndProject
Project("{2150E333-8FDC-42A3-9474-1A3956D46DE8}") = "Zadanie II", "Zadanie II", "{B72E9A86-B785-F491-D00B-A848483030A4}"
EndProject
Project("{FAE04EC0-301F-11D3-BF4B-00C04F79EFBC}") = "Zadanie2", "PS1\Zadanie II\Zadanie2\Zadanie2.csproj", "{E7E8A195-CC7B-4794-8748-F45674E0B8DD}"
EndProject
Project("{2150E333-8FDC-42A3-9474-1A3956D46DE8}") = "Zadanie IV", "Zadanie IV", "{C1E09EFC-922A-EE99-4C4E-BDBE578A2799}"
EndProject
Project("{FAE04EC0-301F-11D3-BF4B-00C04F79EFBC}") = "Zadanie4", "PS1\Zadanie IV\Zadanie4\Zadanie4.csproj", "{224DF3DB-9F96-452B-9425-1DAE750688DB}"
EndProject
Global
	GlobalSection(SolutionConfigurationPlatforms) = preSolution
		Debug|Any CPU = Debug|Any CPU
		Debug|x64 = Debug|x64
		Debug|x86 = Debug|x86
		Release|Any CPU = Release|Any CPU
		Release|x64 = Release|x64
		Release|x86 = Release|x86
	EndGlobalSection
	GlobalSection(ProjectConfigurationPlatforms) = postSolution
		{0BF44BD3-19B4-444A-A3D1-FB42879A9348}.Debug|Any CPU.ActiveCfg = Debug|Any CPU
		{0BF44BD3-19B4-444A-A3D1-FB42879A9348}.Debug|Any CPU.Build.0 = Debug|Any CPU
		{0BF44BD3-19B4-444A-A3D1-FB42879A9348}.Debug|x64.ActiveCfg = Debug|Any CPU
		{0BF44BD3-19B4-444A-A3D1-FB42879A9348}.Debug|x64.Build.0 = Debug|Any CPU
		{0BF44BD3-19B4-444A-A3D1-FB42879A9348}.Debug|x86.ActiveCfg = Debug|Any CPU
		{0BF44BD3-19B4-444A-A3D1-FB42879A9348}.Debug|x86.Build.0 = Debug|Any CPU
		{0BF44BD3-19B4-444A-A3D1-FB42879A9348}.Release|Any CPU.ActiveCfg = Release|Any CPU
		{0BF44BD3-19B4-444A-A3D1-FB42879A9348}.Release|Any CPU.Build.0 = Release|Any CPU
		{0BF44BD3-19B4-444A-A3D1-FB42879A9348}.Release|x64.ActiveCfg = Release|Any CPU
		{0BF44BD3-19B4-444A-A3D1-FB42879A9348}.Release|x64.Build.0 = Release|Any CPU
		{0BF44BD3-19B4-444A-A3D1-FB42879A9348}.Release|x86.ActiveCfg = Release|Any CPU
		{0BF44BD3-19B4-444A-A3D1-FB42879A9348}.Release|x86.Build.0 = Release|Any CPU
		{E7E8A195-CC7B-4794-8748-F45674E0B8DD}.Debug|Any CPU.ActiveCfg = Debug|Any CPU
		{E7E8A195-CC7B-4794-8748-F45674E0B8DD}.Debug|Any CPU.Build.0 = Debug|Any CPU
		{E7E8A195-CC7B-4794-8748-F45674E0B8DD}.Debug|x64.ActiveCfg = Debug|Any CPU
		{E7E8A195-CC7B-4794-8748-F45674E0B8DD}.Debug|x64.Build.0 = Debug|Any CPU
		{E7E8A195-CC7B-4794-8748-F45674E0B8DD}.Debug|x86.ActiveCfg = Debug|Any CPU
		{E7E8A195-CC7B-4794-8748-F45674E0B8DD}.Debug|x86.Build.0 = Debug|Any CPU
		{E7E8A195-CC7B-4794-8748-F45674E0B8DD}.Release|Any CPU.ActiveCfg = Release|Any CPU
		{E7E8A195-CC7B-4794-8748-F45674E0B8DD}.Release|Any CPU.Build.0 = Release|Any CPU
		{E7E8A195-CC7B-4794-8748-F45674E0B8DD}.Release|x64.ActiveCfg = Release|Any CPU
		{E7E8A195-CC7B-4794-8748-F45674E0B8DD}.Release|x64.Build.0 = Release|Any CPU
		{E7E8A195-CC7B-4794-8748-F45674E0B8DD}.Release|x86.ActiveCfg = Release|Any CPU
		{E7E8A195-CC7B-4794-8748-F45674E0B8DD}.Release|x86.Build.0 = Release|Any CPU
		{224DF3DB-9F96-452B-9425-1DAE750688DB}.Debug|Any CPU.ActiveCfg = Debug|Any CPU
		{224DF3DB-9F96-452B-9425-1DAE750688DB}.Debug|Any CPU.Build.0 = Debug|Any CPU
		{224DF3DB-9F96-452B-9425-1DAE750688DB}.Debug|x64.ActiveCfg = Debug|Any CPU
		{224DF3DB-9F96-452B-9425-1DAE750688DB}.Debug|x64.Build.0 = Debug|Any CPU
		{224DF3DB-9F96-452B-9425-1DAE750688DB}.Debug|x86.ActiveCfg = Debug|Any CPU
		{224DF3DB-9F96-452B-9425-1DAE750688DB}.Debug|x86.Build.0 = Debug|Any CPU
		{224DF3DB-9F96-452B-9425-1DAE750688DB}.Release|Any CPU.ActiveCfg = Release|Any CPU
		{224DF3DB-9F96-452B-9425-1DAE750688DB}.Release|Any CPU.Build.0 = Release|Any CPU
		{224DF3DB-9F96-452B-9425-1DAE750688DB}.Release|x64.ActiveCfg = Release|Any CPU
		{224DF3DB-9F96-452B-9425-1DAE750688DB}.Release|x64.Build.0 = Release|Any CPU
		{224DF3DB-9F96-452B-9425-1DAE750688DB}.Release|x86.ActiveCfg = Release|Any CPU
		{224DF3DB-9F96-452B-9425-1DAE750688DB}.Release|x86.Build.0 = Release|Any CPU
	EndGlobalSection
	GlobalSection(SolutionProperties) = preSolution
		HideSolutionNode = FALSE
	EndGlobalSection
	GlobalSection(NestedProjects) = preSolution
		{E5E1ACC4-3F2D-EAD7-0DB8-1953CA2F38C5} = {3F4275B6-6D2B-5E0B-882B-917D1305B979}
		{0BF44BD3-19B4-444A-A3D1-FB42879A9348} = {E5E1ACC4-3F2D-EAD7-0DB8-1953CA2F38C5}
		{B72E9A86-B785-F491-D00B-A848483030A4} = {3F4275B6-6D2B-5E0B-882B-917D1305B979}
		{E7E8A195-CC7B-4794-8748-F45674E0B8DD} = {B72E9A86-B785-F491-D00B-A848483030A4}
		{C1E09EFC-922A-EE99-4C4E-BDBE578A2799} = {3F4275B6-6D2B-5E0B-882B-917D1305B979}
		{224DF3DB-9F96-452B-9425-1DAE750688DB} = {C1E09EFC-922A-EE99-4C4E-BDBE578A2799}
	EndGlobalSection
EndGlobal
